
Microsoft Visual Studio Solution File, Format Version 12.00
# Visual Studio Version 17
VisualStudioVersion = 17.11.35327.3
MinimumVisualStudioVersion = 10.0.40219.1
Project("{9A19103F-16F7-4668-BE54-9A1E7A4F7556}") = "AutoUpdate", "AutoUpdate\AutoUpdate.csproj", "{D8CE8949-C9E4-4804-A584-E1DF54E5792E}"
EndProject
Project("{FAE04EC0-301F-11D3-BF4B-00C04F79EFBC}") = "Test", "Test\Test.csproj", "{7FDBC092-0B9E-45FF-B516-B81C636675EB}"
EndProject
Global
	GlobalSection(SolutionConfigurationPlatforms) = preSolution
		Debug|Any CPU = Debug|Any CPU
		Release|Any CPU = Release|Any CPU
	EndGlobalSection
	GlobalSection(ProjectConfigurationPlatforms) = postSolution
		{D8CE8949-C9E4-4804-A584-E1DF54E5792E}.Debug|Any CPU.ActiveCfg = Debug|Any CPU
		{D8CE8949-C9E4-4804-A584-E1DF54E5792E}.Debug|Any CPU.Build.0 = Debug|Any CPU
		{D8CE8949-C9E4-4804-A584-E1DF54E5792E}.Release|Any CPU.ActiveCfg = Release|Any CPU
		{D8CE8949-C9E4-4804-A584-E1DF54E5792E}.Release|Any CPU.Build.0 = Release|Any CPU
		{7FDBC092-0B9E-45FF-B516-B81C636675EB}.Debug|Any CPU.ActiveCfg = Debug|Any CPU
		{7FDBC092-0B9E-45FF-B516-B81C636675EB}.Debug|Any CPU.Build.0 = Debug|Any CPU
		{7FDBC092-0B9E-45FF-B516-B81C636675EB}.Release|Any CPU.ActiveCfg = Release|Any CPU
		{7FDBC092-0B9E-45FF-B516-B81C636675EB}.Release|Any CPU.Build.0 = Release|Any CPU
	EndGlobalSection
	GlobalSection(SolutionProperties) = preSolution
		HideSolutionNode = FALSE
	EndGlobalSection
	GlobalSection(ExtensibilityGlobals) = postSolution
		SolutionGuid = {C5398172-77C4-4DE7-9320-729D9F51CD95}
	EndGlobalSection
EndGlobal
